// !$*UTF8*$!
{
	archiveVersion = 1;
	classes = {
	};
	objectVersion = 50;
	objects = {

/* Begin PBXBuildFile section */
		F35EF57B239928A9009CAFDB /* UsersViewController.swift in Sources */ = {isa = PBXBuildFile; fileRef = F35EF57A239928A9009CAFDB /* UsersViewController.swift */; };
		F35EF57D239928B9009CAFDB /* ReposViewController.swift in Sources */ = {isa = PBXBuildFile; fileRef = F35EF57C239928B9009CAFDB /* ReposViewController.swift */; };
		F35EF57F239928FA009CAFDB /* RepoTableViewCell.swift in Sources */ = {isa = PBXBuildFile; fileRef = F35EF57E239928FA009CAFDB /* RepoTableViewCell.swift */; };
		F35EF58123992911009CAFDB /* UserTableViewCell.swift in Sources */ = {isa = PBXBuildFile; fileRef = F35EF58023992911009CAFDB /* UserTableViewCell.swift */; };
		F35EF58323992973009CAFDB /* UserModel.swift in Sources */ = {isa = PBXBuildFile; fileRef = F35EF58223992973009CAFDB /* UserModel.swift */; };
		F35EF58523992AF7009CAFDB /* ServiceManager.swift in Sources */ = {isa = PBXBuildFile; fileRef = F35EF58423992AF7009CAFDB /* ServiceManager.swift */; };
		F35EF5872399FA85009CAFDB /* SectionHeaderVIew.swift in Sources */ = {isa = PBXBuildFile; fileRef = F35EF5862399FA85009CAFDB /* SectionHeaderVIew.swift */; };
		F35EF5892399FA8F009CAFDB /* SectionHeaderVIew.xib in Resources */ = {isa = PBXBuildFile; fileRef = F35EF5882399FA8F009CAFDB /* SectionHeaderVIew.xib */; };
		F3F29F50239927D4005A0BE0 /* AppDelegate.swift in Sources */ = {isa = PBXBuildFile; fileRef = F3F29F4F239927D4005A0BE0 /* AppDelegate.swift */; };
		F3F29F55239927D4005A0BE0 /* Main.storyboard in Resources */ = {isa = PBXBuildFile; fileRef = F3F29F53239927D4005A0BE0 /* Main.storyboard */; };
		F3F29F57239927D5005A0BE0 /* Assets.xcassets in Resources */ = {isa = PBXBuildFile; fileRef = F3F29F56239927D5005A0BE0 /* Assets.xcassets */; };
		F3F29F5A239927D5005A0BE0 /* LaunchScreen.storyboard in Resources */ = {isa = PBXBuildFile; fileRef = F3F29F58239927D5005A0BE0 /* LaunchScreen.storyboard */; };
/* End PBXBuildFile section */

/* Begin PBXFileReference section */
		F35EF57A239928A9009CAFDB /* UsersViewController.swift */ = {isa = PBXFileReference; lastKnownFileType = sourcecode.swift; path = UsersViewController.swift; sourceTree = "<group>"; };
		F35EF57C239928B9009CAFDB /* ReposViewController.swift */ = {isa = PBXFileReference; lastKnownFileType = sourcecode.swift; path = ReposViewController.swift; sourceTree = "<group>"; };
		F35EF57E239928FA009CAFDB /* RepoTableViewCell.swift */ = {isa = PBXFileReference; lastKnownFileType = sourcecode.swift; path = RepoTableViewCell.swift; sourceTree = "<group>"; };
		F35EF58023992911009CAFDB /* UserTableViewCell.swift */ = {isa = PBXFileReference; lastKnownFileType = sourcecode.swift; path = UserTableViewCell.swift; sourceTree = "<group>"; };
		F35EF58223992973009CAFDB /* UserModel.swift */ = {isa = PBXFileReference; lastKnownFileType = sourcecode.swift; path = UserModel.swift; sourceTree = "<group>"; };
		F35EF58423992AF7009CAFDB /* ServiceManager.swift */ = {isa = PBXFileReference; lastKnownFileType = sourcecode.swift; path = ServiceManager.swift; sourceTree = "<group>"; };
		F35EF5862399FA85009CAFDB /* SectionHeaderVIew.swift */ = {isa = PBXFileReference; lastKnownFileType = sourcecode.swift; path = SectionHeaderVIew.swift; sourceTree = "<group>"; };
		F35EF5882399FA8F009CAFDB /* SectionHeaderVIew.xib */ = {isa = PBXFileReference; lastKnownFileType = file.xib; path = SectionHeaderVIew.xib; sourceTree = "<group>"; };
		F3F29F4C239927D4005A0BE0 /* GitHubSearcher.app */ = {isa = PBXFileReference; explicitFileType = wrapper.application; includeInIndex = 0; path = GitHubSearcher.app; sourceTree = BUILT_PRODUCTS_DIR; };
		F3F29F4F239927D4005A0BE0 /* AppDelegate.swift */ = {isa = PBXFileReference; lastKnownFileType = sourcecode.swift; path = AppDelegate.swift; sourceTree = "<group>"; };
		F3F29F54239927D4005A0BE0 /* Base */ = {isa = PBXFileReference; lastKnownFileType = file.storyboard; name = Base; path = Base.lproj/Main.storyboard; sourceTree = "<group>"; };
		F3F29F56239927D5005A0BE0 /* Assets.xcassets */ = {isa = PBXFileReference; lastKnownFileType = folder.assetcatalog; path = Assets.xcassets; sourceTree = "<group>"; };
		F3F29F59239927D5005A0BE0 /* Base */ = {isa = PBXFileReference; lastKnownFileType = file.storyboard; name = Base; path = Base.lproj/LaunchScreen.storyboard; sourceTree = "<group>"; };
		F3F29F5B239927D5005A0BE0 /* Info.plist */ = {isa = PBXFileReference; lastKnownFileType = text.plist.xml; path = Info.plist; sourceTree = "<group>"; };
/* End PBXFileReference section */

/* Begin PBXFrameworksBuildPhase section */
		F3F29F49239927D4005A0BE0 /* Frameworks */ = {
			isa = PBXFrameworksBuildPhase;
			buildActionMask = 2147483647;
			files = (
			);
			runOnlyForDeploymentPostprocessing = 0;
		};
/* End PBXFrameworksBuildPhase section */

/* Begin PBXGroup section */
		F3F29F43239927D4005A0BE0 = {
			isa = PBXGroup;
			children = (
				F3F29F4E239927D4005A0BE0 /* GitHubSearcher */,
				F3F29F4D239927D4005A0BE0 /* Products */,
			);
			sourceTree = "<group>";
		};
		F3F29F4D239927D4005A0BE0 /* Products */ = {
			isa = PBXGroup;
			children = (
				F3F29F4C239927D4005A0BE0 /* GitHubSearcher.app */,
			);
			name = Products;
			sourceTree = "<group>";
		};
		F3F29F4E239927D4005A0BE0 /* GitHubSearcher */ = {
			isa = PBXGroup;
			children = (
				F3F29F4F239927D4005A0BE0 /* AppDelegate.swift */,
				F35EF57A239928A9009CAFDB /* UsersViewController.swift */,
				F35EF57C239928B9009CAFDB /* ReposViewController.swift */,
				F35EF57E239928FA009CAFDB /* RepoTableViewCell.swift */,
				F35EF58023992911009CAFDB /* UserTableViewCell.swift */,
				F35EF58223992973009CAFDB /* UserModel.swift */,
				F35EF58423992AF7009CAFDB /* ServiceManager.swift */,
				F35EF5862399FA85009CAFDB /* SectionHeaderVIew.swift */,
				F35EF5882399FA8F009CAFDB /* SectionHeaderVIew.xib */,
				F3F29F53239927D4005A0BE0 /* Main.storyboard */,
				F3F29F56239927D5005A0BE0 /* Assets.xcassets */,
				F3F29F58239927D5005A0BE0 /* LaunchScreen.storyboard */,
				F3F29F5B239927D5005A0BE0 /* Info.plist */,
			);
			path = GitHubSearcher;
			sourceTree = "<group>";
		};
/* End PBXGroup section */

/* Begin PBXNativeTarget section */
		F3F29F4B239927D4005A0BE0 /* GitHubSearcher */ = {
			isa = PBXNativeTarget;
			buildConfigurationList = F3F29F5E239927D5005A0BE0 /* Build configuration list for PBXNativeTarget "GitHubSearcher" */;
			buildPhases = (
				F3F29F48239927D4005A0BE0 /* Sources */,
				F3F29F49239927D4005A0BE0 /* Frameworks */,
				F3F29F4A239927D4005A0BE0 /* Resources */,
			);
			buildRules = (
			);
			dependencies = (
			);
			name = GitHubSearcher;
			productName = GitHubSearcher;
			productReference = F3F29F4C239927D4005A0BE0 /* GitHubSearcher.app */;
			productType = "com.apple.product-type.application";
		};
/* End PBXNativeTarget section */

/* Begin PBXProject section */
		F3F29F44239927D4005A0BE0 /* Project object */ = {
			isa = PBXProject;
			attributes = {
				LastSwiftUpdateCheck = 1030;
				LastUpgradeCheck = 1030;
				ORGANIZATIONNAME = Saikiran;
				TargetAttributes = {
					F3F29F4B239927D4005A0BE0 = {
						CreatedOnToolsVersion = 10.3;
					};
				};
			};
			buildConfigurationList = F3F29F47239927D4005A0BE0 /* Build configuration list for PBXProject "GitHubSearcher" */;
			compatibilityVersion = "Xcode 9.3";
			developmentRegion = en;
			hasScannedForEncodings = 0;
			knownRegions = (
				en,
				Base,
			);
			mainGroup = F3F29F43239927D4005A0BE0;
			productRefGroup = F3F29F4D239927D4005A0BE0 /* Products */;
			projectDirPath = "";
			projectRoot = "";
			targets = (
				F3F29F4B239927D4005A0BE0 /* GitHubSearcher */,
			);
		};
/* End PBXProject section */

/* Begin PBXResourcesBuildPhase section */
		F3F29F4A239927D4005A0BE0 /* Resources */ = {
			isa = PBXResourcesBuildPhase;
			buildActionMask = 2147483647;
			files = (
				F3F29F5A239927D5005A0BE0 /* LaunchScreen.storyboard in Resources */,
				F3F29F57239927D5005A0BE0 /* Assets.xcassets in Resources */,
				F3F29F55239927D4005A0BE0 /* Main.storyboard in Resources */,
				F35EF5892399FA8F009CAFDB /* SectionHeaderVIew.xib in Resources */,
			);
			runOnlyForDeploymentPostprocessing = 0;
		};
/* End PBXResourcesBuildPhase section */

/* Begin PBXSourcesBuildPhase section */
		F3F29F48239927D4005A0BE0 /* Sources */ = {
			isa = PBXSourcesBuildPhase;
			buildActionMask = 2147483647;
			files = (
				F3F29F50239927D4005A0BE0 /* AppDelegate.swift in Sources */,
				F35EF57B239928A9009CAFDB /* UsersViewController.swift in Sources */,
				F35EF57D239928B9009CAFDB /* ReposViewController.swift in Sources */,
				F35EF5872399FA85009CAFDB /* SectionHeaderVIew.swift in Sources */,
				F35EF57F239928FA009CAFDB /* RepoTableViewCell.swift in Sources */,
				F35EF58323992973009CAFDB /* UserModel.swift in Sources */,
				F35EF58523992AF7009CAFDB /* ServiceManager.swift in Sources */,
				F35EF58123992911009CAFDB /* UserTableViewCell.swift in Sources */,
			);
			runOnlyForDeploymentPostprocessing = 0;
		};
/* End PBXSourcesBuildPhase section */

/* Begin PBXVariantGroup section */
		F3F29F53239927D4005A0BE0 /* Main.storyboard */ = {
			isa = PBXVariantGroup;
			children = (
				F3F29F54239927D4005A0BE0 /* Base */,
			);
			name = Main.storyboard;
			sourceTree = "<group>";
		};
		F3F29F58239927D5005A0BE0 /* LaunchScreen.storyboard */ = {
			isa = PBXVariantGroup;
			children = (
				F3F29F59239927D5005A0BE0 /* Base */,
			);
			name = LaunchScreen.storyboard;
			sourceTree = "<group>";
		};
/* End PBXVariantGroup section */

/* Begin XCBuildConfiguration section */
		F3F29F5C239927D5005A0BE0 /* Debug */ = {
			isa = XCBuildConfiguration;
			buildSettings = {
				ALWAYS_SEARCH_USER_PATHS = NO;
				CLANG_ANALYZER_NONNULL = YES;
				CLANG_ANALYZER_NUMBER_OBJECT_CONVERSION = YES_AGGRESSIVE;
				CLANG_CXX_LANGUAGE_STANDARD = "gnu++14";
				CLANG_CXX_LIBRARY = "libc++";
				CLANG_ENABLE_MODULES = YES;
				CLANG_ENABLE_OBJC_ARC = YES;
				CLANG_ENABLE_OBJC_WEAK = YES;
				CLANG_WARN_BLOCK_CAPTURE_AUTORELEASING = YES;
				CLANG_WARN_BOOL_CONVERSION = YES;
				CLANG_WARN_COMMA = YES;
				CLANG_WARN_CONSTANT_CONVERSION = YES;
				CLANG_WARN_DEPRECATED_OBJC_IMPLEMENTATIONS = YES;
				CLANG_WARN_DIRECT_OBJC_ISA_USAGE = YES_ERROR;
				CLANG_WARN_DOCUMENTATION_COMMENTS = YES;
				CLANG_WARN_EMPTY_BODY = YES;
				CLANG_WARN_ENUM_CONVERSION = YES;
				CLANG_WARN_INFINITE_RECURSION = YES;
				CLANG_WARN_INT_CONVERSION = YES;
				CLANG_WARN_NON_LITERAL_NULL_CONVERSION = YES;
				CLANG_WARN_OBJC_IMPLICIT_RETAIN_SELF = YES;
				CLANG_WARN_OBJC_LITERAL_CONVERSION = YES;
				CLANG_WARN_OBJC_ROOT_CLASS = YES_ERROR;
				CLANG_WARN_RANGE_LOOP_ANALYSIS = YES;
				CLANG_WARN_STRICT_PROTOTYPES = YES;
				CLANG_WARN_SUSPICIOUS_MOVE = YES;
				CLANG_WARN_UNGUARDED_AVAILABILITY = YES_AGGRESSIVE;
				CLANG_WARN_UNREACHABLE_CODE = YES;
				CLANG_WARN__DUPLICATE_METHOD_MATCH = YES;
				CODE_SIGN_IDENTITY = "iPhone Developer";
				COPY_PHASE_STRIP = NO;
				DEBUG_INFORMATION_FORMAT = dwarf;
				ENABLE_STRICT_OBJC_MSGSEND = YES;
				ENABLE_TESTABILITY = YES;
				GCC_C_LANGUAGE_STANDARD = gnu11;
				GCC_DYNAMIC_NO_PIC = NO;
				GCC_NO_COMMON_BLOCKS = YES;
				GCC_OPTIMIZATION_LEVEL = 0;
				GCC_PREPROCESSOR_DEFINITIONS = (
					"DEBUG=1",
					"$(inherited)",
				);
				GCC_WARN_64_TO_32_BIT_CONVERSION = YES;
				GCC_WARN_ABOUT_RETURN_TYPE = YES_ERROR;
				GCC_WARN_UNDECLARED_SELECTOR = YES;
				GCC_WARN_UNINITIALIZED_AUTOS = YES_AGGRESSIVE;
				GCC_WARN_UNUSED_FUNCTION = YES;
				GCC_WARN_UNUSED_VARIABLE = YES;
				IPHONEOS_DEPLOYMENT_TARGET = 12.4;
				MTL_ENABLE_DEBUG_INFO = INCLUDE_SOURCE;
				MTL_FAST_MATH = YES;
				ONLY_ACTIVE_ARCH = YES;
				SDKROOT = iphoneos;
				SWIFT_ACTIVE_COMPILATION_CONDITIONS = DEBUG;
				SWIFT_OPTIMIZATION_LEVEL = "-Onone";
			};
			name = Debug;
		};
		F3F29F5D239927D5005A0BE0 /* Release */ = {
			isa = XCBuildConfiguration;
			buildSettings = {
				ALWAYS_SEARCH_USER_PATHS = NO;
				CLANG_ANALYZER_NONNULL = YES;
				CLANG_ANALYZER_NUMBER_OBJECT_CONVERSION = YES_AGGRESSIVE;
				CLANG_CXX_LANGUAGE_STANDARD = "gnu++14";
				CLANG_CXX_LIBRARY = "libc++";
				CLANG_ENABLE_MODULES = YES;
				CLANG_ENABLE_OBJC_ARC = YES;
				CLANG_ENABLE_OBJC_WEAK = YES;
				CLANG_WARN_BLOCK_CAPTURE_AUTORELEASING = YES;
				CLANG_WARN_BOOL_CONVERSION = YES;
				CLANG_WARN_COMMA = YES;
				CLANG_WARN_CONSTANT_CONVERSION = YES;
				CLANG_WARN_DEPRECATED_OBJC_IMPLEMENTATIONS = YES;
				CLANG_WARN_DIRECT_OBJC_ISA_USAGE = YES_ERROR;
				CLANG_WARN_DOCUMENTATION_COMMENTS = YES;
				CLANG_WARN_EMPTY_BODY = YES;
				CLANG_WARN_ENUM_CONVERSION = YES;
				CLANG_WARN_INFINITE_RECURSION = YES;
				CLANG_WARN_INT_CONVERSION = YES;
				CLANG_WARN_NON_LITERAL_NULL_CONVERSION = YES;
				CLANG_WARN_OBJC_IMPLICIT_RETAIN_SELF = YES;
				CLANG_WARN_OBJC_LITERAL_CONVERSION = YES;
				CLANG_WARN_OBJC_ROOT_CLASS = YES_ERROR;
				CLANG_WARN_RANGE_LOOP_ANALYSIS = YES;
				CLANG_WARN_STRICT_PROTOTYPES = YES;
				CLANG_WARN_SUSPICIOUS_MOVE = YES;
				CLANG_WARN_UNGUARDED_AVAILABILITY = YES_AGGRESSIVE;
				CLANG_WARN_UNREACHABLE_CODE = YES;
				CLANG_WARN__DUPLICATE_METHOD_MATCH = YES;
				CODE_SIGN_IDENTITY = "iPhone Developer";
				COPY_PHASE_STRIP = NO;
				DEBUG_INFORMATION_FORMAT = "dwarf-with-dsym";
				ENABLE_NS_ASSERTIONS = NO;
				ENABLE_STRICT_OBJC_MSGSEND = YES;
				GCC_C_LANGUAGE_STANDARD = gnu11;
				GCC_NO_COMMON_BLOCKS = YES;
				GCC_WARN_64_TO_32_BIT_CONVERSION = YES;
				GCC_WARN_ABOUT_RETURN_TYPE = YES_ERROR;
				GCC_WARN_UNDECLARED_SELECTOR = YES;
				GCC_WARN_UNINITIALIZED_AUTOS = YES_AGGRESSIVE;
				GCC_WARN_UNUSED_FUNCTION = YES;
				GCC_WARN_UNUSED_VARIABLE = YES;
				IPHONEOS_DEPLOYMENT_TARGET = 12.4;
				MTL_ENABLE_DEBUG_INFO = NO;
				MTL_FAST_MATH = YES;
				SDKROOT = iphoneos;
				SWIFT_COMPILATION_MODE = wholemodule;
				SWIFT_OPTIMIZATION_LEVEL = "-O";
				VALIDATE_PRODUCT = YES;
			};
			name = Release;
		};
		F3F29F5F239927D5005A0BE0 /* Debug */ = {
			isa = XCBuildConfiguration;
			buildSettings = {
				ASSETCATALOG_COMPILER_APPICON_NAME = AppIcon;
				CODE_SIGN_STYLE = Automatic;
				DEVELOPMENT_TEAM = YFCL8P9WYA;
				INFOPLIST_FILE = GitHubSearcher/Info.plist;
				LD_RUNPATH_SEARCH_PATHS = (
					"$(inherited)",
					"@executable_path/Frameworks",
				);
				PRODUCT_BUNDLE_IDENTIFIER = com.Saikiran.GitHubSearcher;
				PRODUCT_NAME = "$(TARGET_NAME)";
				SWIFT_VERSION = 5.0;
				TARGETED_DEVICE_FAMILY = "1,2";
			};
			name = Debug;
		};
		F3F29F60239927D5005A0BE0 /* Release */ = {
			isa = XCBuildConfiguration;
			buildSettings = {
				ASSETCATALOG_COMPILER_APPICON_NAME = AppIcon;
				CODE_SIGN_STYLE = Automatic;
				DEVELOPMENT_TEAM = YFCL8P9WYA;
				INFOPLIST_FILE = GitHubSearcher/Info.plist;
				LD_RUNPATH_SEARCH_PATHS = (
					"$(inherited)",
					"@executable_path/Frameworks",
				);
				PRODUCT_BUNDLE_IDENTIFIER = com.Saikiran.GitHubSearcher;
				PRODUCT_NAME = "$(TARGET_NAME)";
				SWIFT_VERSION = 5.0;
				TARGETED_DEVICE_FAMILY = "1,2";
			};
			name = Release;
		};
/* End XCBuildConfiguration section */

/* Begin XCConfigurationList section */
		F3F29F47239927D4005A0BE0 /* Build configuration list for PBXProject "GitHubSearcher" */ = {
			isa = XCConfigurationList;
			buildConfigurations = (
				F3F29F5C239927D5005A0BE0 /* Debug */,
				F3F29F5D239927D5005A0BE0 /* Release */,
			);
			defaultConfigurationIsVisible = 0;
			defaultConfigurationName = Release;
		};
		F3F29F5E239927D5005A0BE0 /* Build configuration list for PBXNativeTarget "GitHubSearcher" */ = {
			isa = XCConfigurationList;
			buildConfigurations = (
				F3F29F5F239927D5005A0BE0 /* Debug */,
				F3F29F60239927D5005A0BE0 /* Release */,
			);
			defaultConfigurationIsVisible = 0;
			defaultConfigurationName = Release;
		};
/* End XCConfigurationList section */
	};
	rootObject = F3F29F44239927D4005A0BE0 /* Project object */;
}
